
Microsoft Visual Studio Solution File, Format Version 12.00
# Visual Studio Version 16
VisualStudioVersion = 16.0.28803.156
MinimumVisualStudioVersion = 10.0.40219.1
Project("{FAE04EC0-301F-11D3-BF4B-00C04F79EFBC}") = "DICUI", "DICUI\DICUI.csproj", "{7B1B75EB-8940-466F-BD51-76471A57F9BE}"
EndProject
Project("{FAE04EC0-301F-11D3-BF4B-00C04F79EFBC}") = "DICUI.Test", "DICUI.Test\DICUI.Test.csproj", "{7CC064D2-38AB-4A05-8519-28660DE4562A}"
EndProject
Project("{FAE04EC0-301F-11D3-BF4B-00C04F79EFBC}") = "DICUI.Library", "DICUI.Library\DICUI.Library.csproj", "{51AB0928-13F9-44BF-A407-B6957A43A056}"
EndProject
Project("{FAE04EC0-301F-11D3-BF4B-00C04F79EFBC}") = "DICUI.Check", "DICUI.Check\DICUI.Check.csproj", "{8CFDE289-E171-4D49-A40D-5293265C1253}"
EndProject
Global
	GlobalSection(SolutionConfigurationPlatforms) = preSolution
		Debug|Any CPU = Debug|Any CPU
		Release|Any CPU = Release|Any CPU
	EndGlobalSection
	GlobalSection(ProjectConfigurationPlatforms) = postSolution
		{7B1B75EB-8940-466F-BD51-76471A57F9BE}.Debug|Any CPU.ActiveCfg = Debug|Any CPU
		{7B1B75EB-8940-466F-BD51-76471A57F9BE}.Debug|Any CPU.Build.0 = Debug|Any CPU
		{7B1B75EB-8940-466F-BD51-76471A57F9BE}.Release|Any CPU.ActiveCfg = Release|Any CPU
		{7B1B75EB-8940-466F-BD51-76471A57F9BE}.Release|Any CPU.Build.0 = Release|Any CPU
		{7CC064D2-38AB-4A05-8519-28660DE4562A}.Debug|Any CPU.ActiveCfg = Debug|Any CPU
		{7CC064D2-38AB-4A05-8519-28660DE4562A}.Debug|Any CPU.Build.0 = Debug|Any CPU
		{7CC064D2-38AB-4A05-8519-28660DE4562A}.Release|Any CPU.ActiveCfg = Release|Any CPU
		{7CC064D2-38AB-4A05-8519-28660DE4562A}.Release|Any CPU.Build.0 = Release|Any CPU
		{51AB0928-13F9-44BF-A407-B6957A43A056}.Debug|Any CPU.ActiveCfg = Debug|Any CPU
		{51AB0928-13F9-44BF-A407-B6957A43A056}.Debug|Any CPU.Build.0 = Debug|Any CPU
		{51AB0928-13F9-44BF-A407-B6957A43A056}.Release|Any CPU.ActiveCfg = Release|Any CPU
		{51AB0928-13F9-44BF-A407-B6957A43A056}.Release|Any CPU.Build.0 = Release|Any CPU
		{8CFDE289-E171-4D49-A40D-5293265C1253}.Debug|Any CPU.ActiveCfg = Debug|Any CPU
		{8CFDE289-E171-4D49-A40D-5293265C1253}.Debug|Any CPU.Build.0 = Debug|Any CPU
		{8CFDE289-E171-4D49-A40D-5293265C1253}.Release|Any CPU.ActiveCfg = Release|Any CPU
		{8CFDE289-E171-4D49-A40D-5293265C1253}.Release|Any CPU.Build.0 = Release|Any CPU
	EndGlobalSection
	GlobalSection(SolutionProperties) = preSolution
		HideSolutionNode = FALSE
	EndGlobalSection
	GlobalSection(ExtensibilityGlobals) = postSolution
		SolutionGuid = {73C62E6A-6584-4D93-83B5-ECB1FBDB469B}
	EndGlobalSection
EndGlobal
