
Microsoft Visual Studio Solution File, Format Version 12.00
# Visual Studio Version 17
VisualStudioVersion = 17.1.32407.343
MinimumVisualStudioVersion = 10.0.40219.1
Project("{9A19103F-16F7-4668-BE54-9A1E7A4F7556}") = "MPF", "MPF\MPF.csproj", "{7B1B75EB-8940-466F-BD51-76471A57F9BE}"
EndProject
Project("{9A19103F-16F7-4668-BE54-9A1E7A4F7556}") = "MPF.Test", "MPF.Test\MPF.Test.csproj", "{7CC064D2-38AB-4A05-8519-28660DE4562A}"
EndProject
Project("{9A19103F-16F7-4668-BE54-9A1E7A4F7556}") = "MPF.Library", "MPF.Library\MPF.Library.csproj", "{51AB0928-13F9-44BF-A407-B6957A43A056}"
EndProject
Project("{9A19103F-16F7-4668-BE54-9A1E7A4F7556}") = "MPF.Check", "MPF.Check\MPF.Check.csproj", "{8CFDE289-E171-4D49-A40D-5293265C1253}"
EndProject
Project("{2150E333-8FDC-42A3-9474-1A3956D46DE8}") = "Solution Items", "Solution Items", "{4D1DCF5A-F0B0-4E81-A05B-F1A7D37C9D9D}"
	ProjectSection(SolutionItems) = preProject
		appveyor.yml = appveyor.yml
		CHANGELIST.md = CHANGELIST.md
		.github\ISSUE_TEMPLATE\feature-request.md = .github\ISSUE_TEMPLATE\feature-request.md
		.github\ISSUE_TEMPLATE\informational.md = .github\ISSUE_TEMPLATE\informational.md
		.github\ISSUE_TEMPLATE\issue-report.md = .github\ISSUE_TEMPLATE\issue-report.md
		publish-nix.sh = publish-nix.sh
		publish-release-nix.sh = publish-release-nix.sh
		publish-release-win.bat = publish-release-win.bat
		publish-win.bat = publish-win.bat
		README.md = README.md
	EndProjectSection
EndProject
Project("{9A19103F-16F7-4668-BE54-9A1E7A4F7556}") = "MPF.Core", "MPF.Core\MPF.Core.csproj", "{70B1265D-FE49-472A-A83D-0B462152D37A}"
EndProject
Project("{9A19103F-16F7-4668-BE54-9A1E7A4F7556}") = "MPF.Modules", "MPF.Modules\MPF.Modules.csproj", "{8A4254BD-552F-4238-B8EB-D59AACD768B9}"
EndProject
Project("{9A19103F-16F7-4668-BE54-9A1E7A4F7556}") = "MPF.UI.Core", "MPF.UI.Core\MPF.UI.Core.csproj", "{EA3768DB-694A-4653-82E4-9FF71B8963F3}"
EndProject
Project("{2150E333-8FDC-42A3-9474-1A3956D46DE8}") = "MPF", "MPF", "{4160167D-681D-480B-ABC6-06AC869E5769}"
EndProject
Global
	GlobalSection(SolutionConfigurationPlatforms) = preSolution
		Debug|Any CPU = Debug|Any CPU
		Release|Any CPU = Release|Any CPU
	EndGlobalSection
	GlobalSection(ProjectConfigurationPlatforms) = postSolution
		{7B1B75EB-8940-466F-BD51-76471A57F9BE}.Debug|Any CPU.ActiveCfg = Debug|Any CPU
		{7B1B75EB-8940-466F-BD51-76471A57F9BE}.Debug|Any CPU.Build.0 = Debug|Any CPU
		{7B1B75EB-8940-466F-BD51-76471A57F9BE}.Release|Any CPU.ActiveCfg = Release|Any CPU
		{7B1B75EB-8940-466F-BD51-76471A57F9BE}.Release|Any CPU.Build.0 = Release|Any CPU
		{7CC064D2-38AB-4A05-8519-28660DE4562A}.Debug|Any CPU.ActiveCfg = Debug|Any CPU
		{7CC064D2-38AB-4A05-8519-28660DE4562A}.Debug|Any CPU.Build.0 = Debug|Any CPU
		{7CC064D2-38AB-4A05-8519-28660DE4562A}.Release|Any CPU.ActiveCfg = Release|Any CPU
		{7CC064D2-38AB-4A05-8519-28660DE4562A}.Release|Any CPU.Build.0 = Release|Any CPU
		{51AB0928-13F9-44BF-A407-B6957A43A056}.Debug|Any CPU.ActiveCfg = Debug|Any CPU
		{51AB0928-13F9-44BF-A407-B6957A43A056}.Debug|Any CPU.Build.0 = Debug|Any CPU
		{51AB0928-13F9-44BF-A407-B6957A43A056}.Release|Any CPU.ActiveCfg = Release|Any CPU
		{51AB0928-13F9-44BF-A407-B6957A43A056}.Release|Any CPU.Build.0 = Release|Any CPU
		{8CFDE289-E171-4D49-A40D-5293265C1253}.Debug|Any CPU.ActiveCfg = Debug|Any CPU
		{8CFDE289-E171-4D49-A40D-5293265C1253}.Debug|Any CPU.Build.0 = Debug|Any CPU
		{8CFDE289-E171-4D49-A40D-5293265C1253}.Release|Any CPU.ActiveCfg = Release|Any CPU
		{8CFDE289-E171-4D49-A40D-5293265C1253}.Release|Any CPU.Build.0 = Release|Any CPU
		{70B1265D-FE49-472A-A83D-0B462152D37A}.Debug|Any CPU.ActiveCfg = Debug|Any CPU
		{70B1265D-FE49-472A-A83D-0B462152D37A}.Debug|Any CPU.Build.0 = Debug|Any CPU
		{70B1265D-FE49-472A-A83D-0B462152D37A}.Release|Any CPU.ActiveCfg = Release|Any CPU
		{70B1265D-FE49-472A-A83D-0B462152D37A}.Release|Any CPU.Build.0 = Release|Any CPU
		{8A4254BD-552F-4238-B8EB-D59AACD768B9}.Debug|Any CPU.ActiveCfg = Debug|Any CPU
		{8A4254BD-552F-4238-B8EB-D59AACD768B9}.Debug|Any CPU.Build.0 = Debug|Any CPU
		{8A4254BD-552F-4238-B8EB-D59AACD768B9}.Release|Any CPU.ActiveCfg = Release|Any CPU
		{8A4254BD-552F-4238-B8EB-D59AACD768B9}.Release|Any CPU.Build.0 = Release|Any CPU
		{EA3768DB-694A-4653-82E4-9FF71B8963F3}.Debug|Any CPU.ActiveCfg = Debug|Any CPU
		{EA3768DB-694A-4653-82E4-9FF71B8963F3}.Debug|Any CPU.Build.0 = Debug|Any CPU
		{EA3768DB-694A-4653-82E4-9FF71B8963F3}.Release|Any CPU.ActiveCfg = Release|Any CPU
		{EA3768DB-694A-4653-82E4-9FF71B8963F3}.Release|Any CPU.Build.0 = Release|Any CPU
	EndGlobalSection
	GlobalSection(SolutionProperties) = preSolution
		HideSolutionNode = FALSE
	EndGlobalSection
	GlobalSection(NestedProjects) = preSolution
		{7B1B75EB-8940-466F-BD51-76471A57F9BE} = {4160167D-681D-480B-ABC6-06AC869E5769}
		{7CC064D2-38AB-4A05-8519-28660DE4562A} = {4160167D-681D-480B-ABC6-06AC869E5769}
		{51AB0928-13F9-44BF-A407-B6957A43A056} = {4160167D-681D-480B-ABC6-06AC869E5769}
		{8CFDE289-E171-4D49-A40D-5293265C1253} = {4160167D-681D-480B-ABC6-06AC869E5769}
		{70B1265D-FE49-472A-A83D-0B462152D37A} = {4160167D-681D-480B-ABC6-06AC869E5769}
		{8A4254BD-552F-4238-B8EB-D59AACD768B9} = {4160167D-681D-480B-ABC6-06AC869E5769}
		{EA3768DB-694A-4653-82E4-9FF71B8963F3} = {4160167D-681D-480B-ABC6-06AC869E5769}
	EndGlobalSection
	GlobalSection(ExtensibilityGlobals) = postSolution
		SolutionGuid = {73C62E6A-6584-4D93-83B5-ECB1FBDB469B}
	EndGlobalSection
EndGlobal
