
Microsoft Visual Studio Solution File, Format Version 12.00
# Visual Studio Version 17
VisualStudioVersion = 17.1.32407.343
MinimumVisualStudioVersion = 10.0.40219.1
Project("{9A19103F-16F7-4668-BE54-9A1E7A4F7556}") = "MPF.UI", "MPF.UI\MPF.UI.csproj", "{7B1B75EB-8940-466F-BD51-76471A57F9BE}"
EndProject
Project("{9A19103F-16F7-4668-BE54-9A1E7A4F7556}") = "MPF.Test", "MPF.Test\MPF.Test.csproj", "{7CC064D2-38AB-4A05-8519-28660DE4562A}"
EndProject
Project("{9A19103F-16F7-4668-BE54-9A1E7A4F7556}") = "MPF.Check", "MPF.Check\MPF.Check.csproj", "{8CFDE289-E171-4D49-A40D-5293265C1253}"
EndProject
Project("{2150E333-8FDC-42A3-9474-1A3956D46DE8}") = "Solution Items", "Solution Items", "{4D1DCF5A-F0B0-4E81-A05B-F1A7D37C9D9D}"
	ProjectSection(SolutionItems) = preProject
		appveyor.yml = appveyor.yml
		CHANGELIST.md = CHANGELIST.md
		publish-nix.sh = publish-nix.sh
		publish-win.ps1 = publish-win.ps1
		README.md = README.md
	EndProjectSection
EndProject
Project("{2150E333-8FDC-42A3-9474-1A3956D46DE8}") = "ISSUE_TEMPLATE", "ISSUE_TEMPLATE", "{ADC5FDD7-F43F-4F9C-B222-19AA1D64D3D4}"
	ProjectSection(SolutionItems) = preProject
		.github\ISSUE_TEMPLATE\feature-request.md = .github\ISSUE_TEMPLATE\feature-request.md
		.github\ISSUE_TEMPLATE\informational.md = .github\ISSUE_TEMPLATE\informational.md
		.github\ISSUE_TEMPLATE\issue-report.md = .github\ISSUE_TEMPLATE\issue-report.md
	EndProjectSection
EndProject
Project("{2150E333-8FDC-42A3-9474-1A3956D46DE8}") = "workflows", "workflows", "{440776E0-E6E2-46C6-8E85-09E64A8FC7D6}"
	ProjectSection(SolutionItems) = preProject
		.github\workflows\build_check.yml = .github\workflows\build_check.yml
		.github\workflows\build_ui.yml = .github\workflows\build_ui.yml
		.github\workflows\check_pr.yml = .github\workflows\check_pr.yml
	EndProjectSection
EndProject
Project("{9A19103F-16F7-4668-BE54-9A1E7A4F7556}") = "MPF.Frontend", "MPF.Frontend\MPF.Frontend.csproj", "{92515FC1-2B4E-423F-AE8B-7B7C599C5F70}"
EndProject
Project("{9A19103F-16F7-4668-BE54-9A1E7A4F7556}") = "MPF.Processors", "MPF.Processors\MPF.Processors.csproj", "{147063AA-F916-4E1C-B413-259DE17EE234}"
EndProject
Project("{9A19103F-16F7-4668-BE54-9A1E7A4F7556}") = "MPF.ExecutionContexts", "MPF.ExecutionContexts\MPF.ExecutionContexts.csproj", "{75609610-CE85-486E-8F42-9525A52B80BF}"
EndProject
Project("{FAE04EC0-301F-11D3-BF4B-00C04F79EFBC}") = "MPF.CLI", "MPF.CLI\MPF.CLI.csproj", "{A825771B-98AC-44A5-8076-C9AB3D469751}"
EndProject
Global
	GlobalSection(SolutionConfigurationPlatforms) = preSolution
		Debug|Any CPU = Debug|Any CPU
		Release|Any CPU = Release|Any CPU
	EndGlobalSection
	GlobalSection(ProjectConfigurationPlatforms) = postSolution
		{7B1B75EB-8940-466F-BD51-76471A57F9BE}.Debug|Any CPU.ActiveCfg = Debug|Any CPU
		{7B1B75EB-8940-466F-BD51-76471A57F9BE}.Debug|Any CPU.Build.0 = Debug|Any CPU
		{7B1B75EB-8940-466F-BD51-76471A57F9BE}.Release|Any CPU.ActiveCfg = Release|Any CPU
		{7B1B75EB-8940-466F-BD51-76471A57F9BE}.Release|Any CPU.Build.0 = Release|Any CPU
		{7CC064D2-38AB-4A05-8519-28660DE4562A}.Debug|Any CPU.ActiveCfg = Debug|Any CPU
		{7CC064D2-38AB-4A05-8519-28660DE4562A}.Debug|Any CPU.Build.0 = Debug|Any CPU
		{7CC064D2-38AB-4A05-8519-28660DE4562A}.Release|Any CPU.ActiveCfg = Release|Any CPU
		{7CC064D2-38AB-4A05-8519-28660DE4562A}.Release|Any CPU.Build.0 = Release|Any CPU
		{8CFDE289-E171-4D49-A40D-5293265C1253}.Debug|Any CPU.ActiveCfg = Debug|Any CPU
		{8CFDE289-E171-4D49-A40D-5293265C1253}.Debug|Any CPU.Build.0 = Debug|Any CPU
		{8CFDE289-E171-4D49-A40D-5293265C1253}.Release|Any CPU.ActiveCfg = Release|Any CPU
		{8CFDE289-E171-4D49-A40D-5293265C1253}.Release|Any CPU.Build.0 = Release|Any CPU
		{92515FC1-2B4E-423F-AE8B-7B7C599C5F70}.Debug|Any CPU.ActiveCfg = Debug|Any CPU
		{92515FC1-2B4E-423F-AE8B-7B7C599C5F70}.Debug|Any CPU.Build.0 = Debug|Any CPU
		{92515FC1-2B4E-423F-AE8B-7B7C599C5F70}.Release|Any CPU.ActiveCfg = Release|Any CPU
		{92515FC1-2B4E-423F-AE8B-7B7C599C5F70}.Release|Any CPU.Build.0 = Release|Any CPU
		{147063AA-F916-4E1C-B413-259DE17EE234}.Debug|Any CPU.ActiveCfg = Debug|Any CPU
		{147063AA-F916-4E1C-B413-259DE17EE234}.Debug|Any CPU.Build.0 = Debug|Any CPU
		{147063AA-F916-4E1C-B413-259DE17EE234}.Release|Any CPU.ActiveCfg = Release|Any CPU
		{147063AA-F916-4E1C-B413-259DE17EE234}.Release|Any CPU.Build.0 = Release|Any CPU
		{75609610-CE85-486E-8F42-9525A52B80BF}.Debug|Any CPU.ActiveCfg = Debug|Any CPU
		{75609610-CE85-486E-8F42-9525A52B80BF}.Debug|Any CPU.Build.0 = Debug|Any CPU
		{75609610-CE85-486E-8F42-9525A52B80BF}.Release|Any CPU.ActiveCfg = Release|Any CPU
		{75609610-CE85-486E-8F42-9525A52B80BF}.Release|Any CPU.Build.0 = Release|Any CPU
		{A825771B-98AC-44A5-8076-C9AB3D469751}.Debug|Any CPU.ActiveCfg = Debug|Any CPU
		{A825771B-98AC-44A5-8076-C9AB3D469751}.Debug|Any CPU.Build.0 = Debug|Any CPU
		{A825771B-98AC-44A5-8076-C9AB3D469751}.Release|Any CPU.ActiveCfg = Release|Any CPU
		{A825771B-98AC-44A5-8076-C9AB3D469751}.Release|Any CPU.Build.0 = Release|Any CPU
	EndGlobalSection
	GlobalSection(SolutionProperties) = preSolution
		HideSolutionNode = FALSE
	EndGlobalSection
	GlobalSection(NestedProjects) = preSolution
		{ADC5FDD7-F43F-4F9C-B222-19AA1D64D3D4} = {4D1DCF5A-F0B0-4E81-A05B-F1A7D37C9D9D}
		{440776E0-E6E2-46C6-8E85-09E64A8FC7D6} = {4D1DCF5A-F0B0-4E81-A05B-F1A7D37C9D9D}
	EndGlobalSection
	GlobalSection(ExtensibilityGlobals) = postSolution
		SolutionGuid = {73C62E6A-6584-4D93-83B5-ECB1FBDB469B}
	EndGlobalSection
EndGlobal
